
Microsoft Visual Studio Solution File, Format Version 12.00
# Visual Studio Version 17
VisualStudioVersion = 17.13.35825.156 d17.13
MinimumVisualStudioVersion = 10.0.40219.1
Project("{8BC9CEB8-8B4A-11D0-8D11-00A0C91BC942}") = "omok0416 1", "omok0416 1\omok0416 1.vcxproj", "{D3A19645-C680-4F04-BD8A-DD3C5F521D88}"
EndProject
Global
	GlobalSection(SolutionConfigurationPlatforms) = preSolution
		Debug|x64 = Debug|x64
		Debug|x86 = Debug|x86
		Release|x64 = Release|x64
		Release|x86 = Release|x86
	EndGlobalSection
	GlobalSection(ProjectConfigurationPlatforms) = postSolution
		{D3A19645-C680-4F04-BD8A-DD3C5F521D88}.Debug|x64.ActiveCfg = Debug|x64
		{D3A19645-C680-4F04-BD8A-DD3C5F521D88}.Debug|x64.Build.0 = Debug|x64
		{D3A19645-C680-4F04-BD8A-DD3C5F521D88}.Debug|x86.ActiveCfg = Debug|Win32
		{D3A19645-C680-4F04-BD8A-DD3C5F521D88}.Debug|x86.Build.0 = Debug|Win32
		{D3A19645-C680-4F04-BD8A-DD3C5F521D88}.Release|x64.ActiveCfg = Release|x64
		{D3A19645-C680-4F04-BD8A-DD3C5F521D88}.Release|x64.Build.0 = Release|x64
		{D3A19645-C680-4F04-BD8A-DD3C5F521D88}.Release|x86.ActiveCfg = Release|Win32
		{D3A19645-C680-4F04-BD8A-DD3C5F521D88}.Release|x86.Build.0 = Release|Win32
	EndGlobalSection
	GlobalSection(SolutionProperties) = preSolution
		HideSolutionNode = FALSE
	EndGlobalSection
	GlobalSection(ExtensibilityGlobals) = postSolution
		SolutionGuid = {22AC55B1-3687-4B0F-BF25-4E74CF0D4BF9}
	EndGlobalSection
EndGlobal
